github.com/JonasBernard/min-cost-max-flow v0.0.0-20231221001659-1ff391b452bb h1:xTLoDG4jXKq8gDwQeFhCnCK9YfUBzUjvDGGPDyDl+EQ=
github.com/JonasBernard/min-cost-max-flow v0.0.0-20231221001659-1ff391b452bb/go.mod h1:HrYd4zkAfPhG8BwPqMBL5bbhuDJfexxRIsd2m208Asw=
github.com/JonasBernard/min-cost-max-flow v0.0.0-20240104154129-7650973937f7 h1:X0pmK8NcucDhn92calPkvxM4tfmh/7Q+BeZcGEi2ra0=
github.com/JonasBernard/min-cost-max-flow v0.0.0-20240104154129-7650973937f7/go.mod h1:HrYd4zkAfPhG8BwPqMBL5bbhuDJfexxRIsd2m208Asw=
github.com/JonasBernard/min-cost-max-flow v1.0.0 h1:iDLzoExN/vTsHNalrWIThjZbq50oM8R3xRbdrzPGQ7s=
github.com/JonasBernard/min-cost-max-flow v1.0.0/go.mod h1:HrYd4zkAfPhG8BwPqMBL5bbhuDJfexxRIsd2m208Asw=
